{
  "version": 4,
  "terraform_version": "1.13.1",
  "serial": 21,
  "lineage": "b49729d2-2d34-716f-a765-06abd40db357",
  "outputs": {
    "cluster_id": {
      "value": "devopsshack-cluster",
      "type": "string"
    },
    "node_group_id": {
      "value": "devopsshack-cluster:devopsshack-node-group",
      "type": "string"
    },
    "subnet_ids": {
      "value": [
        "subnet-05e8b0e64e72c589f",
        "subnet-0c293e7f95d3256c9"
      ],
      "type": [
        "tuple",
        [
          "string",
          "string"
        ]
      ]
    },
    "vpc_id": {
      "value": "vpc-05002e50491e66495",
      "type": "string"
    }
  },
  "resources": [
    {
      "mode": "managed",
      "type": "aws_eks_cluster",
      "name": "devopsshack",
      "provider": "provider[\"registry.terraform.io/hashicorp/aws\"]",
      "instances": [
        {
          "schema_version": 1,
          "attributes": {
            "access_config": [
              {
                "authentication_mode": "CONFIG_MAP",
                "bootstrap_cluster_creator_admin_permissions": true
              }
            ],
            "arn": "arn:aws:eks:ap-south-1:630471054272:cluster/devopsshack-cluster",
            "bootstrap_self_managed_addons": true,
            "certificate_authority": [
              {
                "data": "LS0tLS1CRUdJTiBDRVJUSUZJQ0FURS0tLS0tCk1JSURCVENDQWUyZ0F3SUJBZ0lJVERoUmpsaE1zMkV3RFFZSktvWklodmNOQVFFTEJRQXdGVEVUTUJFR0ExVUUKQXhNS2EzVmlaWEp1WlhSbGN6QWVGdzB5TmpBeE1ESXdNak0zTlRoYUZ3MHpOVEV5TXpFd01qUXlOVGhhTUJVeApFekFSQmdOVkJBTVRDbXQxWW1WeWJtVjBaWE13Z2dFaU1BMEdDU3FHU0liM0RRRUJBUVVBQTRJQkR3QXdnZ0VLCkFvSUJBUUMvd1BUOERyNWpENC9sRzM0ZU41YmNiS0JuMEVtbWxyaHZRaU9nL3h4VURNYkl3QjFRV1A2WDI4b20KN0Y3VmdXZ0dwTEx5Z09tTi9NZW92OHQ4b29Kclg4bGl0Z0ZnczIrT3dvajBvZWFsRTJOSXR5Z3BVeTZDaDAwLwpFalU4Z08rWmsxdjBEM3MyMTA3Y29aeDN2ZnFnNXdtOHk0alArbmxmYkNhTFM2dmljSGpYd0VZUC96YlRtM3ZOCjZZcFJTUG9XV0pMNUgrT290OG9EM05ZWk8vZ0xobC82ZEJOZC9pcitPOTZiV0wrRmwwLzROblNlTDhiQkNDUzQKV1VxL1dsa0o3U0crQWIzUXdObEZKcWtHeC9vUjY0ejBKL2hZSjNQS0d1T094RHM1QlMwRHRxVXFiZmVnS09legphSmUrVjFlVUVsSTZuUjRlMkplZ3pGZ3pCNEt6QWdNQkFBR2pXVEJYTUE0R0ExVWREd0VCL3dRRUF3SUNwREFQCkJnTlZIUk1CQWY4RUJUQURBUUgvTUIwR0ExVWREZ1FXQkJROFIweEFKdVF0VWFhLzJFR1JPT1pRUUF3TGZUQVYKQmdOVkhSRUVEakFNZ2dwcmRXSmxjbTVsZEdWek1BMEdDU3FHU0liM0RRRUJDd1VBQTRJQkFRQTlFOE9GY2NqTQpOaEtGV08yb1JJbzY4RXBDa2lYbjNOR2lYc0pNRGhiN0ErTGFXbXVUSHgyOUF0VXhXYUtMaVRkdktnN2VCTUg4CmdqWWc5OGZ5dEZVYkZxUi9HWnJSY3pYMllUZ1lHZjBNOFRPZmV1azdyNnJBUi95cFZQZVdjTE9wVUdWOVl5SDQKRE9iTlo1djJpaFlnSXVVMFdYWFpld00wQnZtWkEwaE53S2EveGNOaUNMaEZLNUVZcHhHVk5kZHVkNFNxdk9ldApybHJNd3UwU2N6amlUaGpib2NOcHoxcmpjMVJpKzN6enAxK28wV3pNTllmVmdidkxUckplM0dhMHRTMkRXcEhmCmhyaDJrd3I3N3FmTGlaVlFSOG5wYWFnb1RXaTFUYTZPekJHazB4d3E3eFhJL1g2RkdXbjk5ZUJ6eDFwWVdmZm8KRUxwLzJrTkl5dDBOCi0tLS0tRU5EIENFUlRJRklDQVRFLS0tLS0K"
              }
            ],
            "cluster_id": null,
            "compute_config": [
              {
                "enabled": false,
                "node_pools": [],
                "node_role_arn": ""
              }
            ],
            "control_plane_scaling_config": [
              {
                "tier": "standard"
              }
            ],
            "created_at": "2026-01-02T02:37:09Z",
            "deletion_protection": false,
            "enabled_cluster_log_types": null,
            "encryption_config": [],
            "endpoint": "https://3B222AD5B39B617C28A6385AB33DCB3C.sk1.ap-south-1.eks.amazonaws.com",
            "force_update_version": null,
            "id": "devopsshack-cluster",
            "identity": [
              {
                "oidc": [
                  {
                    "issuer": "https://oidc.eks.ap-south-1.amazonaws.com/id/3B222AD5B39B617C28A6385AB33DCB3C"
                  }
                ]
              }
            ],
            "kubernetes_network_config": [
              {
                "elastic_load_balancing": [
                  {
                    "enabled": false
                  }
                ],
                "ip_family": "ipv4",
                "service_ipv4_cidr": "172.20.0.0/16",
                "service_ipv6_cidr": ""
              }
            ],
            "name": "devopsshack-cluster",
            "outpost_config": [],
            "platform_version": "eks.10",
            "region": "ap-south-1",
            "remote_network_config": [],
            "role_arn": "arn:aws:iam::630471054272:role/devopsshack-cluster-role",
            "status": "ACTIVE",
            "storage_config": [
              {
                "block_storage": [
                  {
                    "enabled": false
                  }
                ]
              }
            ],
            "tags": null,
            "tags_all": {},
            "timeouts": null,
            "upgrade_policy": [
              {
                "support_type": "EXTENDED"
              }
            ],
            "version": "1.34",
            "vpc_config": [
              {
                "cluster_security_group_id": "sg-047ab8649c977ff84",
                "endpoint_private_access": false,
                "endpoint_public_access": true,
                "public_access_cidrs": [
                  "0.0.0.0/0"
                ],
                "security_group_ids": [
                  "sg-09766dbb7fac1a45c"
                ],
                "subnet_ids": [
                  "subnet-05e8b0e64e72c589f",
                  "subnet-0c293e7f95d3256c9"
                ],
                "vpc_id": "vpc-05002e50491e66495"
              }
            ],
            "zonal_shift_config": []
          },
          "sensitive_attributes": [],
          "identity_schema_version": 0,
          "private": "eyJlMmJmYjczMC1lY2FhLTExZTYtOGY4OC0zNDM2M2JjN2M0YzAiOnsiY3JlYXRlIjoxODAwMDAwMDAwMDAwLCJkZWxldGUiOjkwMDAwMDAwMDAwMCwidXBkYXRlIjozNjAwMDAwMDAwMDAwfSwic2NoZW1hX3ZlcnNpb24iOiIxIn0=",
          "dependencies": [
            "aws_iam_role.devopsshack_cluster_role",
            "aws_security_group.devopsshack_cluster_sg",
            "aws_subnet.devopsshack_subnet",
            "aws_vpc.devopsshack_vpc"
          ]
        }
      ]
    },
    {
      "mode": "managed",
      "type": "aws_eks_node_group",
      "name": "devopsshack",
      "provider": "provider[\"registry.terraform.io/hashicorp/aws\"]",
      "instances": [
        {
          "schema_version": 0,
          "attributes": {
            "ami_type": "AL2023_x86_64_STANDARD",
            "arn": "arn:aws:eks:ap-south-1:630471054272:nodegroup/devopsshack-cluster/devopsshack-node-group/74cdbe4c-100f-60b1-c33c-70bb2716ecb5",
            "capacity_type": "ON_DEMAND",
            "cluster_name": "devopsshack-cluster",
            "disk_size": 20,
            "force_update_version": null,
            "id": "devopsshack-cluster:devopsshack-node-group",
            "instance_types": [
              "t2.large"
            ],
            "labels": null,
            "launch_template": [],
            "node_group_name": "devopsshack-node-group",
            "node_group_name_prefix": "",
            "node_repair_config": [],
            "node_role_arn": "arn:aws:iam::630471054272:role/devopsshack-node-group-role",
            "region": "ap-south-1",
            "release_version": "1.34.2-20251217",
            "remote_access": [
              {
                "ec2_ssh_key": "newkey19122025",
                "source_security_group_ids": [
                  "sg-01a76c5eb31231f41"
                ]
              }
            ],
            "resources": [
              {
                "autoscaling_groups": [
                  {
                    "name": "eks-devopsshack-node-group-74cdbe4c-100f-60b1-c33c-70bb2716ecb5"
                  }
                ],
                "remote_access_security_group_id": "sg-0c243d0e7fc543538"
              }
            ],
            "scaling_config": [
              {
                "desired_size": 2,
                "max_size": 2,
                "min_size": 2
              }
            ],
            "status": "ACTIVE",
            "subnet_ids": [
              "subnet-05e8b0e64e72c589f",
              "subnet-0c293e7f95d3256c9"
            ],
            "tags": null,
            "tags_all": {},
            "taint": [],
            "timeouts": null,
            "update_config": [
              {
                "max_unavailable": 1,
                "max_unavailable_percentage": 0,
                "update_strategy": ""
              }
            ],
            "version": "1.34"
          },
          "sensitive_attributes": [],
          "identity_schema_version": 0,
          "private": "eyJlMmJmYjczMC1lY2FhLTExZTYtOGY4OC0zNDM2M2JjN2M0YzAiOnsiY3JlYXRlIjozNjAwMDAwMDAwMDAwLCJkZWxldGUiOjM2MDAwMDAwMDAwMDAsInVwZGF0ZSI6MzYwMDAwMDAwMDAwMH19",
          "dependencies": [
            "aws_eks_cluster.devopsshack",
            "aws_iam_role.devopsshack_cluster_role",
            "aws_iam_role.devopsshack_node_group_role",
            "aws_security_group.devopsshack_cluster_sg",
            "aws_security_group.devopsshack_node_sg",
            "aws_subnet.devopsshack_subnet",
            "aws_vpc.devopsshack_vpc"
          ]
        }
      ]
    },
    {
      "mode": "managed",
      "type": "aws_iam_role",
      "name": "devopsshack_cluster_role",
      "provider": "provider[\"registry.terraform.io/hashicorp/aws\"]",
      "instances": [
        {
          "schema_version": 0,
          "attributes": {
            "arn": "arn:aws:iam::630471054272:role/devopsshack-cluster-role",
            "assume_role_policy": "{\"Statement\":[{\"Action\":\"sts:AssumeRole\",\"Effect\":\"Allow\",\"Principal\":{\"Service\":\"eks.amazonaws.com\"}}],\"Version\":\"2012-10-17\"}",
            "create_date": "2026-01-02T02:34:34Z",
            "description": "",
            "force_detach_policies": false,
            "id": "devopsshack-cluster-role",
            "inline_policy": [],
            "managed_policy_arns": [
              "arn:aws:iam::aws:policy/AmazonEKSClusterPolicy"
            ],
            "max_session_duration": 3600,
            "name": "devopsshack-cluster-role",
            "name_prefix": "",
            "path": "/",
            "permissions_boundary": "",
            "tags": {},
            "tags_all": {},
            "unique_id": "AROAZFSYA2PAIW3GFHABG"
          },
          "sensitive_attributes": [],
          "identity_schema_version": 0,
          "identity": {
            "account_id": "630471054272",
            "name": "devopsshack-cluster-role"
          },
          "private": "bnVsbA=="
        }
      ]
    },
    {
      "mode": "managed",
      "type": "aws_iam_role",
      "name": "devopsshack_node_group_role",
      "provider": "provider[\"registry.terraform.io/hashicorp/aws\"]",
      "instances": [
        {
          "schema_version": 0,
          "attributes": {
            "arn": "arn:aws:iam::630471054272:role/devopsshack-node-group-role",
            "assume_role_policy": "{\"Statement\":[{\"Action\":\"sts:AssumeRole\",\"Effect\":\"Allow\",\"Principal\":{\"Service\":\"ec2.amazonaws.com\"}}],\"Version\":\"2012-10-17\"}",
            "create_date": "2026-01-02T02:34:34Z",
            "description": "",
            "force_detach_policies": false,
            "id": "devopsshack-node-group-role",
            "inline_policy": [],
            "managed_policy_arns": [
              "arn:aws:iam::aws:policy/AmazonEC2ContainerRegistryReadOnly",
              "arn:aws:iam::aws:policy/AmazonEKSWorkerNodePolicy",
              "arn:aws:iam::aws:policy/AmazonEKS_CNI_Policy"
            ],
            "max_session_duration": 3600,
            "name": "devopsshack-node-group-role",
            "name_prefix": "",
            "path": "/",
            "permissions_boundary": "",
            "tags": {},
            "tags_all": {},
            "unique_id": "AROAZFSYA2PAFERCZDX4N"
          },
          "sensitive_attributes": [],
          "identity_schema_version": 0,
          "identity": {
            "account_id": "630471054272",
            "name": "devopsshack-node-group-role"
          },
          "private": "bnVsbA=="
        }
      ]
    },
    {
      "mode": "managed",
      "type": "aws_iam_role_policy_attachment",
      "name": "devopsshack_cluster_role_policy",
      "provider": "provider[\"registry.terraform.io/hashicorp/aws\"]",
      "instances": [
        {
          "schema_version": 0,
          "attributes": {
            "id": "devopsshack-cluster-role/arn:aws:iam::aws:policy/AmazonEKSClusterPolicy",
            "policy_arn": "arn:aws:iam::aws:policy/AmazonEKSClusterPolicy",
            "role": "devopsshack-cluster-role"
          },
          "sensitive_attributes": [],
          "identity_schema_version": 0,
          "identity": {
            "account_id": "630471054272",
            "policy_arn": "arn:aws:iam::aws:policy/AmazonEKSClusterPolicy",
            "role": "devopsshack-cluster-role"
          },
          "private": "bnVsbA==",
          "dependencies": [
            "aws_iam_role.devopsshack_cluster_role"
          ]
        }
      ]
    },
    {
      "mode": "managed",
      "type": "aws_iam_role_policy_attachment",
      "name": "devopsshack_node_group_cni_policy",
      "provider": "provider[\"registry.terraform.io/hashicorp/aws\"]",
      "instances": [
        {
          "schema_version": 0,
          "attributes": {
            "id": "devopsshack-node-group-role/arn:aws:iam::aws:policy/AmazonEKS_CNI_Policy",
            "policy_arn": "arn:aws:iam::aws:policy/AmazonEKS_CNI_Policy",
            "role": "devopsshack-node-group-role"
          },
          "sensitive_attributes": [],
          "identity_schema_version": 0,
          "identity": {
            "account_id": "630471054272",
            "policy_arn": "arn:aws:iam::aws:policy/AmazonEKS_CNI_Policy",
            "role": "devopsshack-node-group-role"
          },
          "private": "bnVsbA==",
          "dependencies": [
            "aws_iam_role.devopsshack_node_group_role"
          ]
        }
      ]
    },
    {
      "mode": "managed",
      "type": "aws_iam_role_policy_attachment",
      "name": "devopsshack_node_group_registry_policy",
      "provider": "provider[\"registry.terraform.io/hashicorp/aws\"]",
      "instances": [
        {
          "schema_version": 0,
          "attributes": {
            "id": "devopsshack-node-group-role/arn:aws:iam::aws:policy/AmazonEC2ContainerRegistryReadOnly",
            "policy_arn": "arn:aws:iam::aws:policy/AmazonEC2ContainerRegistryReadOnly",
            "role": "devopsshack-node-group-role"
          },
          "sensitive_attributes": [],
          "identity_schema_version": 0,
          "identity": {
            "account_id": "630471054272",
            "policy_arn": "arn:aws:iam::aws:policy/AmazonEC2ContainerRegistryReadOnly",
            "role": "devopsshack-node-group-role"
          },
          "private": "bnVsbA==",
          "dependencies": [
            "aws_iam_role.devopsshack_node_group_role"
          ]
        }
      ]
    },
    {
      "mode": "managed",
      "type": "aws_iam_role_policy_attachment",
      "name": "devopsshack_node_group_role_policy",
      "provider": "provider[\"registry.terraform.io/hashicorp/aws\"]",
      "instances": [
        {
          "schema_version": 0,
          "attributes": {
            "id": "devopsshack-node-group-role/arn:aws:iam::aws:policy/AmazonEKSWorkerNodePolicy",
            "policy_arn": "arn:aws:iam::aws:policy/AmazonEKSWorkerNodePolicy",
            "role": "devopsshack-node-group-role"
          },
          "sensitive_attributes": [],
          "identity_schema_version": 0,
          "identity": {
            "account_id": "630471054272",
            "policy_arn": "arn:aws:iam::aws:policy/AmazonEKSWorkerNodePolicy",
            "role": "devopsshack-node-group-role"
          },
          "private": "bnVsbA==",
          "dependencies": [
            "aws_iam_role.devopsshack_node_group_role"
          ]
        }
      ]
    },
    {
      "mode": "managed",
      "type": "aws_internet_gateway",
      "name": "devopsshack_igw",
      "provider": "provider[\"registry.terraform.io/hashicorp/aws\"]",
      "instances": [
        {
          "schema_version": 0,
          "attributes": {
            "arn": "arn:aws:ec2:ap-south-1:630471054272:internet-gateway/igw-09a1d9436ab7e4728",
            "id": "igw-09a1d9436ab7e4728",
            "owner_id": "630471054272",
            "region": "ap-south-1",
            "tags": {
              "Name": "devopsshack-igw"
            },
            "tags_all": {
              "Name": "devopsshack-igw"
            },
            "timeouts": null,
            "vpc_id": "vpc-05002e50491e66495"
          },
          "sensitive_attributes": [],
          "identity_schema_version": 0,
          "private": "eyJlMmJmYjczMC1lY2FhLTExZTYtOGY4OC0zNDM2M2JjN2M0YzAiOnsiY3JlYXRlIjoxMjAwMDAwMDAwMDAwLCJkZWxldGUiOjEyMDAwMDAwMDAwMDAsInVwZGF0ZSI6MTIwMDAwMDAwMDAwMH19",
          "dependencies": [
            "aws_vpc.devopsshack_vpc"
          ]
        }
      ]
    },
    {
      "mode": "managed",
      "type": "aws_route_table",
      "name": "devopsshack_route_table",
      "provider": "provider[\"registry.terraform.io/hashicorp/aws\"]",
      "instances": [
        {
          "schema_version": 0,
          "attributes": {
            "arn": "arn:aws:ec2:ap-south-1:630471054272:route-table/rtb-0f9be2d03c52a870d",
            "id": "rtb-0f9be2d03c52a870d",
            "owner_id": "630471054272",
            "propagating_vgws": [],
            "region": "ap-south-1",
            "route": [
              {
                "carrier_gateway_id": "",
                "cidr_block": "0.0.0.0/0",
                "core_network_arn": "",
                "destination_prefix_list_id": "",
                "egress_only_gateway_id": "",
                "gateway_id": "igw-09a1d9436ab7e4728",
                "ipv6_cidr_block": "",
                "local_gateway_id": "",
                "nat_gateway_id": "",
                "network_interface_id": "",
                "transit_gateway_id": "",
                "vpc_endpoint_id": "",
                "vpc_peering_connection_id": ""
              }
            ],
            "tags": {
              "Name": "devopsshack-route-table"
            },
            "tags_all": {
              "Name": "devopsshack-route-table"
            },
            "timeouts": null,
            "vpc_id": "vpc-05002e50491e66495"
          },
          "sensitive_attributes": [],
          "identity_schema_version": 0,
          "identity": {
            "account_id": "630471054272",
            "id": "rtb-0f9be2d03c52a870d",
            "region": "ap-south-1"
          },
          "private": "eyJlMmJmYjczMC1lY2FhLTExZTYtOGY4OC0zNDM2M2JjN2M0YzAiOnsiY3JlYXRlIjozMDAwMDAwMDAwMDAsImRlbGV0ZSI6MzAwMDAwMDAwMDAwLCJ1cGRhdGUiOjEyMDAwMDAwMDAwMH19",
          "dependencies": [
            "aws_internet_gateway.devopsshack_igw",
            "aws_vpc.devopsshack_vpc"
          ]
        }
      ]
    },
    {
      "mode": "managed",
      "type": "aws_route_table_association",
      "name": "a",
      "provider": "provider[\"registry.terraform.io/hashicorp/aws\"]",
      "instances": [
        {
          "index_key": 0,
          "schema_version": 0,
          "attributes": {
            "gateway_id": "",
            "id": "rtbassoc-085b66788dc95e1d5",
            "region": "ap-south-1",
            "route_table_id": "rtb-0f9be2d03c52a870d",
            "subnet_id": "subnet-05e8b0e64e72c589f",
            "timeouts": null
          },
          "sensitive_attributes": [],
          "identity_schema_version": 0,
          "private": "eyJlMmJmYjczMC1lY2FhLTExZTYtOGY4OC0zNDM2M2JjN2M0YzAiOnsiY3JlYXRlIjozMDAwMDAwMDAwMDAsImRlbGV0ZSI6MzAwMDAwMDAwMDAwLCJ1cGRhdGUiOjEyMDAwMDAwMDAwMH19",
          "dependencies": [
            "aws_internet_gateway.devopsshack_igw",
            "aws_route_table.devopsshack_route_table",
            "aws_subnet.devopsshack_subnet",
            "aws_vpc.devopsshack_vpc"
          ]
        },
        {
          "index_key": 1,
          "schema_version": 0,
          "attributes": {
            "gateway_id": "",
            "id": "rtbassoc-053864dbf99122fce",
            "region": "ap-south-1",
            "route_table_id": "rtb-0f9be2d03c52a870d",
            "subnet_id": "subnet-0c293e7f95d3256c9",
            "timeouts": null
          },
          "sensitive_attributes": [],
          "identity_schema_version": 0,
          "private": "eyJlMmJmYjczMC1lY2FhLTExZTYtOGY4OC0zNDM2M2JjN2M0YzAiOnsiY3JlYXRlIjozMDAwMDAwMDAwMDAsImRlbGV0ZSI6MzAwMDAwMDAwMDAwLCJ1cGRhdGUiOjEyMDAwMDAwMDAwMH19",
          "dependencies": [
            "aws_internet_gateway.devopsshack_igw",
            "aws_route_table.devopsshack_route_table",
            "aws_subnet.devopsshack_subnet",
            "aws_vpc.devopsshack_vpc"
          ]
        }
      ]
    },
    {
      "mode": "managed",
      "type": "aws_security_group",
      "name": "devopsshack_cluster_sg",
      "provider": "provider[\"registry.terraform.io/hashicorp/aws\"]",
      "instances": [
        {
          "schema_version": 1,
          "attributes": {
            "arn": "arn:aws:ec2:ap-south-1:630471054272:security-group/sg-09766dbb7fac1a45c",
            "description": "Managed by Terraform",
            "egress": [
              {
                "cidr_blocks": [
                  "0.0.0.0/0"
                ],
                "description": "",
                "from_port": 0,
                "ipv6_cidr_blocks": [],
                "prefix_list_ids": [],
                "protocol": "-1",
                "security_groups": [],
                "self": false,
                "to_port": 0
              }
            ],
            "id": "sg-09766dbb7fac1a45c",
            "ingress": [],
            "name": "terraform-20260102023435910600000001",
            "name_prefix": "terraform-",
            "owner_id": "630471054272",
            "region": "ap-south-1",
            "revoke_rules_on_delete": false,
            "tags": {
              "Name": "devopsshack-cluster-sg"
            },
            "tags_all": {
              "Name": "devopsshack-cluster-sg"
            },
            "timeouts": null,
            "vpc_id": "vpc-05002e50491e66495"
          },
          "sensitive_attributes": [],
          "identity_schema_version": 0,
          "identity": {
            "account_id": "630471054272",
            "id": "sg-09766dbb7fac1a45c",
            "region": "ap-south-1"
          },
          "private": "eyJlMmJmYjczMC1lY2FhLTExZTYtOGY4OC0zNDM2M2JjN2M0YzAiOnsiY3JlYXRlIjo2MDAwMDAwMDAwMDAsImRlbGV0ZSI6OTAwMDAwMDAwMDAwfSwic2NoZW1hX3ZlcnNpb24iOiIxIn0=",
          "dependencies": [
            "aws_vpc.devopsshack_vpc"
          ]
        }
      ]
    },
    {
      "mode": "managed",
      "type": "aws_security_group",
      "name": "devopsshack_node_sg",
      "provider": "provider[\"registry.terraform.io/hashicorp/aws\"]",
      "instances": [
        {
          "schema_version": 1,
          "attributes": {
            "arn": "arn:aws:ec2:ap-south-1:630471054272:security-group/sg-01a76c5eb31231f41",
            "description": "Managed by Terraform",
            "egress": [
              {
                "cidr_blocks": [
                  "0.0.0.0/0"
                ],
                "description": "",
                "from_port": 0,
                "ipv6_cidr_blocks": [],
                "prefix_list_ids": [],
                "protocol": "-1",
                "security_groups": [],
                "self": false,
                "to_port": 0
              }
            ],
            "id": "sg-01a76c5eb31231f41",
            "ingress": [
              {
                "cidr_blocks": [
                  "0.0.0.0/0"
                ],
                "description": "",
                "from_port": 0,
                "ipv6_cidr_blocks": [],
                "prefix_list_ids": [],
                "protocol": "-1",
                "security_groups": [],
                "self": false,
                "to_port": 0
              }
            ],
            "name": "terraform-20260102023435913900000002",
            "name_prefix": "terraform-",
            "owner_id": "630471054272",
            "region": "ap-south-1",
            "revoke_rules_on_delete": false,
            "tags": {
              "Name": "devopsshack-node-sg"
            },
            "tags_all": {
              "Name": "devopsshack-node-sg"
            },
            "timeouts": null,
            "vpc_id": "vpc-05002e50491e66495"
          },
          "sensitive_attributes": [],
          "identity_schema_version": 0,
          "identity": {
            "account_id": "630471054272",
            "id": "sg-01a76c5eb31231f41",
            "region": "ap-south-1"
          },
          "private": "eyJlMmJmYjczMC1lY2FhLTExZTYtOGY4OC0zNDM2M2JjN2M0YzAiOnsiY3JlYXRlIjo2MDAwMDAwMDAwMDAsImRlbGV0ZSI6OTAwMDAwMDAwMDAwfSwic2NoZW1hX3ZlcnNpb24iOiIxIn0=",
          "dependencies": [
            "aws_vpc.devopsshack_vpc"
          ]
        }
      ]
    },
    {
      "mode": "managed",
      "type": "aws_subnet",
      "name": "devopsshack_subnet",
      "provider": "provider[\"registry.terraform.io/hashicorp/aws\"]",
      "instances": [
        {
          "index_key": 0,
          "schema_version": 1,
          "attributes": {
            "arn": "arn:aws:ec2:ap-south-1:630471054272:subnet/subnet-05e8b0e64e72c589f",
            "assign_ipv6_address_on_creation": false,
            "availability_zone": "ap-south-1a",
            "availability_zone_id": "aps1-az1",
            "cidr_block": "10.0.0.0/24",
            "customer_owned_ipv4_pool": "",
            "enable_dns64": false,
            "enable_lni_at_device_index": 0,
            "enable_resource_name_dns_a_record_on_launch": false,
            "enable_resource_name_dns_aaaa_record_on_launch": false,
            "id": "subnet-05e8b0e64e72c589f",
            "ipv6_cidr_block": "",
            "ipv6_cidr_block_association_id": "",
            "ipv6_native": false,
            "map_customer_owned_ip_on_launch": false,
            "map_public_ip_on_launch": true,
            "outpost_arn": "",
            "owner_id": "630471054272",
            "private_dns_hostname_type_on_launch": "ip-name",
            "region": "ap-south-1",
            "tags": {
              "Name": "devopsshack-subnet-0"
            },
            "tags_all": {
              "Name": "devopsshack-subnet-0"
            },
            "timeouts": null,
            "vpc_id": "vpc-05002e50491e66495"
          },
          "sensitive_attributes": [],
          "identity_schema_version": 0,
          "identity": {
            "account_id": "630471054272",
            "id": "subnet-05e8b0e64e72c589f",
            "region": "ap-south-1"
          },
          "private": "eyJlMmJmYjczMC1lY2FhLTExZTYtOGY4OC0zNDM2M2JjN2M0YzAiOnsiY3JlYXRlIjo2MDAwMDAwMDAwMDAsImRlbGV0ZSI6MTIwMDAwMDAwMDAwMH0sInNjaGVtYV92ZXJzaW9uIjoiMSJ9",
          "dependencies": [
            "aws_vpc.devopsshack_vpc"
          ]
        },
        {
          "index_key": 1,
          "schema_version": 1,
          "attributes": {
            "arn": "arn:aws:ec2:ap-south-1:630471054272:subnet/subnet-0c293e7f95d3256c9",
            "assign_ipv6_address_on_creation": false,
            "availability_zone": "ap-south-1b",
            "availability_zone_id": "aps1-az3",
            "cidr_block": "10.0.1.0/24",
            "customer_owned_ipv4_pool": "",
            "enable_dns64": false,
            "enable_lni_at_device_index": 0,
            "enable_resource_name_dns_a_record_on_launch": false,
            "enable_resource_name_dns_aaaa_record_on_launch": false,
            "id": "subnet-0c293e7f95d3256c9",
            "ipv6_cidr_block": "",
            "ipv6_cidr_block_association_id": "",
            "ipv6_native": false,
            "map_customer_owned_ip_on_launch": false,
            "map_public_ip_on_launch": true,
            "outpost_arn": "",
            "owner_id": "630471054272",
            "private_dns_hostname_type_on_launch": "ip-name",
            "region": "ap-south-1",
            "tags": {
              "Name": "devopsshack-subnet-1"
            },
            "tags_all": {
              "Name": "devopsshack-subnet-1"
            },
            "timeouts": null,
            "vpc_id": "vpc-05002e50491e66495"
          },
          "sensitive_attributes": [],
          "identity_schema_version": 0,
          "identity": {
            "account_id": "630471054272",
            "id": "subnet-0c293e7f95d3256c9",
            "region": "ap-south-1"
          },
          "private": "eyJlMmJmYjczMC1lY2FhLTExZTYtOGY4OC0zNDM2M2JjN2M0YzAiOnsiY3JlYXRlIjo2MDAwMDAwMDAwMDAsImRlbGV0ZSI6MTIwMDAwMDAwMDAwMH0sInNjaGVtYV92ZXJzaW9uIjoiMSJ9",
          "dependencies": [
            "aws_vpc.devopsshack_vpc"
          ]
        }
      ]
    },
    {
      "mode": "managed",
      "type": "aws_vpc",
      "name": "devopsshack_vpc",
      "provider": "provider[\"registry.terraform.io/hashicorp/aws\"]",
      "instances": [
        {
          "schema_version": 1,
          "attributes": {
            "arn": "arn:aws:ec2:ap-south-1:630471054272:vpc/vpc-05002e50491e66495",
            "assign_generated_ipv6_cidr_block": false,
            "cidr_block": "10.0.0.0/16",
            "default_network_acl_id": "acl-0295fb14ae123266b",
            "default_route_table_id": "rtb-06a2bac25e1b00ca3",
            "default_security_group_id": "sg-09ec8211dd39daae1",
            "dhcp_options_id": "dopt-01b7919328aef42f5",
            "enable_dns_hostnames": false,
            "enable_dns_support": true,
            "enable_network_address_usage_metrics": false,
            "id": "vpc-05002e50491e66495",
            "instance_tenancy": "default",
            "ipv4_ipam_pool_id": null,
            "ipv4_netmask_length": null,
            "ipv6_association_id": "",
            "ipv6_cidr_block": "",
            "ipv6_cidr_block_network_border_group": "",
            "ipv6_ipam_pool_id": "",
            "ipv6_netmask_length": 0,
            "main_route_table_id": "rtb-06a2bac25e1b00ca3",
            "owner_id": "630471054272",
            "region": "ap-south-1",
            "tags": {
              "Name": "devopsshack-vpc"
            },
            "tags_all": {
              "Name": "devopsshack-vpc"
            }
          },
          "sensitive_attributes": [],
          "identity_schema_version": 0,
          "identity": {
            "account_id": "630471054272",
            "id": "vpc-05002e50491e66495",
            "region": "ap-south-1"
          },
          "private": "eyJzY2hlbWFfdmVyc2lvbiI6IjEifQ=="
        }
      ]
    }
  ],
  "check_results": null
}
